Microsoft Visual Studio Solution File, Format Version 12.00
# Visual Studio Version 17
VisualStudioVersion = 17.0.31903.59
MinimumVisualStudioVersion = 10.0.40219.1
Project("{FAE04EC0-301F-11D3-BF4B-00C04F79EFBC}") = "Mcg.AgentOrchestrator.Core", "src\Mcg.AgentOrchestrator.Core\Mcg.AgentOrchestrator.Core.csproj", "{E537F7E1-8986-48AA-9882-A5B4532935E1}"
EndProject
Project("{FAE04EC0-301F-11D3-BF4B-00C04F79EFBC}") = "Mcg.AgentOrchestrator.App", "src\Mcg.AgentOrchestrator.App\Mcg.AgentOrchestrator.App.csproj", "{998DCA2E-850B-4068-B583-AD0478AC23A6}"
EndProject
Project("{FAE04EC0-301F-11D3-BF4B-00C04F79EFBC}") = "Mcg.AgentOrchestrator.Infrastructure", "src\Mcg.AgentOrchestrator.Infrastructure\Mcg.AgentOrchestrator.Infrastructure.csproj", "{9FDC7084-55CF-4460-BF0D-70D8A4560694}"
EndProject
Project("{FAE04EC0-301F-11D3-BF4B-00C04F79EFBC}") = "Mcg.AgentOrchestrator.Infrastructure.Providers", "src\Mcg.AgentOrchestrator.Infrastructure.Providers\Mcg.AgentOrchestrator.Infrastructure.Providers.csproj", "{7A1E5499-6201-4D70-AD6C-7139E42B73D0}"
EndProject
Project("{FAE04EC0-301F-11D3-BF4B-00C04F79EFBC}") = "Mcg.AgentOrchestrator.Infrastructure.OperatorComms", "src\Mcg.AgentOrchestrator.Infrastructure.OperatorComms\Mcg.AgentOrchestrator.Infrastructure.OperatorComms.csproj", "{01F532DB-A7CB-4346-BB0C-A8DEB6F815DE}"
EndProject
Project("{FAE04EC0-301F-11D3-BF4B-00C04F79EFBC}") = "Mcg.AgentOrchestrator.Core.Tests", "tests\Mcg.AgentOrchestrator.Core.Tests\Mcg.AgentOrchestrator.Core.Tests.csproj", "{B3B6C6E8-0206-40C8-947D-5B170ED52F13}"
EndProject
Project("{FAE04EC0-301F-11D3-BF4B-00C04F79EFBC}") = "Mcg.AgentOrchestrator.Infrastructure.Tests", "tests\Mcg.AgentOrchestrator.Infrastructure.Tests\Mcg.AgentOrchestrator.Infrastructure.Tests.csproj", "{59373089-8597-4118-BB23-A6210EFE523F}"
EndProject
Project("{FAE04EC0-301F-11D3-BF4B-00C04F79EFBC}") = "Mcg.AgentOrchestrator.Dashboard.Tests", "tests\Mcg.AgentOrchestrator.Dashboard.Tests\Mcg.AgentOrchestrator.Dashboard.Tests.csproj", "{457C03D1-F2FA-4A58-8844-56770628DF85}"
EndProject
Project("{FAE04EC0-301F-11D3-BF4B-00C04F79EFBC}") = "Mcg.AgentOrchestrator.TestSupport", "tests\Mcg.AgentOrchestrator.TestSupport\Mcg.AgentOrchestrator.TestSupport.csproj", "{B40CDADE-16C5-4D4B-9A19-9F244D1501A1}"
EndProject
Project("{FAE04EC0-301F-11D3-BF4B-00C04F79EFBC}") = "Mcg.AgentOrchestrator.Infrastructure.ProviderEnvironment.Tests", "tests\Mcg.AgentOrchestrator.Infrastructure.Tests\ProviderEnvironment\Mcg.AgentOrchestrator.Infrastructure.ProviderEnvironment.Tests.csproj", "{4CB9DF69-38A7-4E6D-B56B-F9CBE12B71F4}"
EndProject
Project("{FAE04EC0-301F-11D3-BF4B-00C04F79EFBC}") = "Mcg.AgentOrchestrator.Infrastructure.Cli.Tests", "tests\Mcg.AgentOrchestrator.Infrastructure.Tests\Cli\Mcg.AgentOrchestrator.Infrastructure.Cli.Tests.csproj", "{A2C6B312-53DF-42E9-8354-47C9206C2FB1}"
EndProject
Project("{FAE04EC0-301F-11D3-BF4B-00C04F79EFBC}") = "Mcg.AgentOrchestrator.RealProcessShardProbe", "tests\Mcg.AgentOrchestrator.Infrastructure.Tests\Fixtures\RealProcessShardProbe\Mcg.AgentOrchestrator.RealProcessShardProbe.csproj", "{F89E74C6-B11D-433B-89B5-35E51873FB9B}"
EndProject
Global
	GlobalSection(SolutionConfigurationPlatforms) = preSolution
		Debug|Any CPU = Debug|Any CPU
		Release|Any CPU = Release|Any CPU
	EndGlobalSection
	GlobalSection(ProjectConfigurationPlatforms) = postSolution
		{E537F7E1-8986-48AA-9882-A5B4532935E1}.Debug|Any CPU.ActiveCfg = Debug|Any CPU
		{E537F7E1-8986-48AA-9882-A5B4532935E1}.Debug|Any CPU.Build.0 = Debug|Any CPU
		{E537F7E1-8986-48AA-9882-A5B4532935E1}.Release|Any CPU.ActiveCfg = Release|Any CPU
		{E537F7E1-8986-48AA-9882-A5B4532935E1}.Release|Any CPU.Build.0 = Release|Any CPU
		{998DCA2E-850B-4068-B583-AD0478AC23A6}.Debug|Any CPU.ActiveCfg = Debug|Any CPU
		{998DCA2E-850B-4068-B583-AD0478AC23A6}.Debug|Any CPU.Build.0 = Debug|Any CPU
		{998DCA2E-850B-4068-B583-AD0478AC23A6}.Release|Any CPU.ActiveCfg = Release|Any CPU
		{998DCA2E-850B-4068-B583-AD0478AC23A6}.Release|Any CPU.Build.0 = Release|Any CPU
		{9FDC7084-55CF-4460-BF0D-70D8A4560694}.Debug|Any CPU.ActiveCfg = Debug|Any CPU
		{9FDC7084-55CF-4460-BF0D-70D8A4560694}.Debug|Any CPU.Build.0 = Debug|Any CPU
		{9FDC7084-55CF-4460-BF0D-70D8A4560694}.Release|Any CPU.ActiveCfg = Release|Any CPU
		{9FDC7084-55CF-4460-BF0D-70D8A4560694}.Release|Any CPU.Build.0 = Release|Any CPU
		{7A1E5499-6201-4D70-AD6C-7139E42B73D0}.Debug|Any CPU.ActiveCfg = Debug|Any CPU
		{7A1E5499-6201-4D70-AD6C-7139E42B73D0}.Debug|Any CPU.Build.0 = Debug|Any CPU
		{7A1E5499-6201-4D70-AD6C-7139E42B73D0}.Release|Any CPU.ActiveCfg = Release|Any CPU
		{7A1E5499-6201-4D70-AD6C-7139E42B73D0}.Release|Any CPU.Build.0 = Release|Any CPU
		{01F532DB-A7CB-4346-BB0C-A8DEB6F815DE}.Debug|Any CPU.ActiveCfg = Debug|Any CPU
		{01F532DB-A7CB-4346-BB0C-A8DEB6F815DE}.Debug|Any CPU.Build.0 = Debug|Any CPU
		{01F532DB-A7CB-4346-BB0C-A8DEB6F815DE}.Release|Any CPU.ActiveCfg = Release|Any CPU
		{01F532DB-A7CB-4346-BB0C-A8DEB6F815DE}.Release|Any CPU.Build.0 = Release|Any CPU
		{B3B6C6E8-0206-40C8-947D-5B170ED52F13}.Debug|Any CPU.ActiveCfg = Debug|Any CPU
		{B3B6C6E8-0206-40C8-947D-5B170ED52F13}.Debug|Any CPU.Build.0 = Debug|Any CPU
		{B3B6C6E8-0206-40C8-947D-5B170ED52F13}.Release|Any CPU.ActiveCfg = Release|Any CPU
		{B3B6C6E8-0206-40C8-947D-5B170ED52F13}.Release|Any CPU.Build.0 = Release|Any CPU
		{59373089-8597-4118-BB23-A6210EFE523F}.Debug|Any CPU.ActiveCfg = Debug|Any CPU
		{59373089-8597-4118-BB23-A6210EFE523F}.Debug|Any CPU.Build.0 = Debug|Any CPU
		{59373089-8597-4118-BB23-A6210EFE523F}.Release|Any CPU.ActiveCfg = Release|Any CPU
		{59373089-8597-4118-BB23-A6210EFE523F}.Release|Any CPU.Build.0 = Release|Any CPU
		{457C03D1-F2FA-4A58-8844-56770628DF85}.Debug|Any CPU.ActiveCfg = Debug|Any CPU
		{457C03D1-F2FA-4A58-8844-56770628DF85}.Debug|Any CPU.Build.0 = Debug|Any CPU
		{457C03D1-F2FA-4A58-8844-56770628DF85}.Release|Any CPU.ActiveCfg = Release|Any CPU
		{457C03D1-F2FA-4A58-8844-56770628DF85}.Release|Any CPU.Build.0 = Release|Any CPU
		{B40CDADE-16C5-4D4B-9A19-9F244D1501A1}.Debug|Any CPU.ActiveCfg = Debug|Any CPU
		{B40CDADE-16C5-4D4B-9A19-9F244D1501A1}.Debug|Any CPU.Build.0 = Debug|Any CPU
		{B40CDADE-16C5-4D4B-9A19-9F244D1501A1}.Release|Any CPU.ActiveCfg = Release|Any CPU
		{B40CDADE-16C5-4D4B-9A19-9F244D1501A1}.Release|Any CPU.Build.0 = Release|Any CPU
		{4CB9DF69-38A7-4E6D-B56B-F9CBE12B71F4}.Debug|Any CPU.ActiveCfg = Debug|Any CPU
		{4CB9DF69-38A7-4E6D-B56B-F9CBE12B71F4}.Debug|Any CPU.Build.0 = Debug|Any CPU
		{4CB9DF69-38A7-4E6D-B56B-F9CBE12B71F4}.Release|Any CPU.ActiveCfg = Release|Any CPU
		{4CB9DF69-38A7-4E6D-B56B-F9CBE12B71F4}.Release|Any CPU.Build.0 = Release|Any CPU
		{A2C6B312-53DF-42E9-8354-47C9206C2FB1}.Debug|Any CPU.ActiveCfg = Debug|Any CPU
		{A2C6B312-53DF-42E9-8354-47C9206C2FB1}.Debug|Any CPU.Build.0 = Debug|Any CPU
		{A2C6B312-53DF-42E9-8354-47C9206C2FB1}.Release|Any CPU.ActiveCfg = Release|Any CPU
		{A2C6B312-53DF-42E9-8354-47C9206C2FB1}.Release|Any CPU.Build.0 = Release|Any CPU
		{F89E74C6-B11D-433B-89B5-35E51873FB9B}.Debug|Any CPU.ActiveCfg = Debug|Any CPU
		{F89E74C6-B11D-433B-89B5-35E51873FB9B}.Debug|Any CPU.Build.0 = Debug|Any CPU
		{F89E74C6-B11D-433B-89B5-35E51873FB9B}.Release|Any CPU.ActiveCfg = Release|Any CPU
		{F89E74C6-B11D-433B-89B5-35E51873FB9B}.Release|Any CPU.Build.0 = Release|Any CPU
	EndGlobalSection
EndGlobal
